{
  "originHash" : "646c8675c1a37e24d6d7598b4a8284f63ac44e1b2dc8d94ef4136fc3fdc82f4c",
  "pins" : [
    {
      "identity" : "agorainfra_macos",
      "kind" : "remoteSourceControl",
      "location" : "https://github.com/AgoraIO/AgoraInfra_macOS.git",
      "state" : {
        "revision" : "b10a9ed08c73774ccb6569777034c70acab1656b",
        "version" : "1.2.13"
      }
    },
    {
      "identity" : "agorartcengine_macos",
      "kind" : "remoteSourceControl",
      "location" : "https://github.com/AgoraIO/AgoraRtcEngine_macOS.git",
      "state" : {
        "revision" : "874824862f4985a6c4c953ad8d7c9b3a41f263f9",
        "version" : "4.5.0"
      }
    },
    {
      "identity" : "kingfisher",
      "kind" : "remoteSourceControl",
      "location" : "https://github.com/onevcat/Kingfisher",
      "state" : {
        "revision" : "e6749919f9761d573d37a7d7e78b1b854c191d7f",
        "version" : "8.1.3"
      }
    }
  ],
  "version" : 3
}
