{
  "originHash" : "61863aebe7e0fc8846be5a2ae46c00b1c926b01b4dd199818dc514a45e06b117",
  "pins" : [
    {
      "identity" : "agorainfra_macos",
      "kind" : "remoteSourceControl",
      "location" : "https://github.com/AgoraIO/AgoraInfra_macOS.git",
      "state" : {
        "revision" : "b10a9ed08c73774ccb6569777034c70acab1656b",
        "version" : "1.2.13"
      }
    },
    {
      "identity" : "agorartcengine_macos",
      "kind" : "remoteSourceControl",
      "location" : "https://github.com/AgoraIO/AgoraRtcEngine_macOS.git",
      "state" : {
        "revision" : "874824862f4985a6c4c953ad8d7c9b3a41f263f9",
        "version" : "4.5.0"
      }
    }
  ],
  "version" : 3
}
